// !$*UTF8*$!
{
	archiveVersion = 1;
	classes = {
	};
	objectVersion = 46;
	objects = {

/* Begin PBXBuildFile section */
		F2232DF11F193B5200C303ED /* AppDelegate.swift in Sources */ = {isa = PBXBuildFile; fileRef = F2232DF01F193B5200C303ED /* AppDelegate.swift */; };
		F2232DF31F193B5200C303ED /* RecordSoundsViewController.swift in Sources */ = {isa = PBXBuildFile; fileRef = F2232DF21F193B5200C303ED /* RecordSoundsViewController.swift */; };
		F2232DF61F193B5200C303ED /* Main.storyboard in Resources */ = {isa = PBXBuildFile; fileRef = F2232DF41F193B5200C303ED /* Main.storyboard */; };
		F2232DF81F193B5200C303ED /* Assets.xcassets in Resources */ = {isa = PBXBuildFile; fileRef = F2232DF71F193B5200C303ED /* Assets.xcassets */; };
		F2232DFB1F193B5200C303ED /* LaunchScreen.storyboard in Resources */ = {isa = PBXBuildFile; fileRef = F2232DF91F193B5200C303ED /* LaunchScreen.storyboard */; };
		F2232E061F193B5200C303ED /* PitchPerfectTests.swift in Sources */ = {isa = PBXBuildFile; fileRef = F2232E051F193B5200C303ED /* PitchPerfectTests.swift */; };
		F2232E111F193B5200C303ED /* PitchPerfectUITests.swift in Sources */ = {isa = PBXBuildFile; fileRef = F2232E101F193B5200C303ED /* PitchPerfectUITests.swift */; };
		F22BA8251F198C410099F6D1 /* PlaySoundsViewController.swift in Sources */ = {isa = PBXBuildFile; fileRef = F22BA8241F198C410099F6D1 /* PlaySoundsViewController.swift */; };
/* End PBXBuildFile section */

/* Begin PBXContainerItemProxy section */
		F2232E021F193B5200C303ED /* PBXContainerItemProxy */ = {
			isa = PBXContainerItemProxy;
			containerPortal = F2232DE51F193B5200C303ED /* Project object */;
			proxyType = 1;
			remoteGlobalIDString = F2232DEC1F193B5200C303ED;
			remoteInfo = PitchPerfect;
		};
		F2232E0D1F193B5200C303ED /* PBXContainerItemProxy */ = {
			isa = PBXContainerItemProxy;
			containerPortal = F2232DE51F193B5200C303ED /* Project object */;
			proxyType = 1;
			remoteGlobalIDString = F2232DEC1F193B5200C303ED;
			remoteInfo = PitchPerfect;
		};
/* End PBXContainerItemProxy section */

/* Begin PBXFileReference section */
		F2232DED1F193B5200C303ED /* PitchPerfect.app */ = {isa = PBXFileReference; explicitFileType = wrapper.application; includeInIndex = 0; path = PitchPerfect.app; sourceTree = BUILT_PRODUCTS_DIR; };
		F2232DF01F193B5200C303ED /* AppDelegate.swift */ = {isa = PBXFileReference; lastKnownFileType = sourcecode.swift; path = AppDelegate.swift; sourceTree = "<group>"; };
		F2232DF21F193B5200C303ED /* RecordSoundsViewController.swift */ = {isa = PBXFileReference; lastKnownFileType = sourcecode.swift; path = RecordSoundsViewController.swift; sourceTree = "<group>"; };
		F2232DF51F193B5200C303ED /* Base */ = {isa = PBXFileReference; lastKnownFileType = file.storyboard; name = Base; path = Base.lproj/Main.storyboard; sourceTree = "<group>"; };
		F2232DF71F193B5200C303ED /* Assets.xcassets */ = {isa = PBXFileReference; lastKnownFileType = folder.assetcatalog; path = Assets.xcassets; sourceTree = "<group>"; };
		F2232DFA1F193B5200C303ED /* Base */ = {isa = PBXFileReference; lastKnownFileType = file.storyboard; name = Base; path = Base.lproj/LaunchScreen.storyboard; sourceTree = "<group>"; };
		F2232DFC1F193B5200C303ED /* Info.plist */ = {isa = PBXFileReference; lastKnownFileType = text.plist.xml; path = Info.plist; sourceTree = "<group>"; };
		F2232E011F193B5200C303ED /* PitchPerfectTests.xctest */ = {isa = PBXFileReference; explicitFileType = wrapper.cfbundle; includeInIndex = 0; path = PitchPerfectTests.xctest; sourceTree = BUILT_PRODUCTS_DIR; };
		F2232E051F193B5200C303ED /* PitchPerfectTests.swift */ = {isa = PBXFileReference; lastKnownFileType = sourcecode.swift; path = PitchPerfectTests.swift; sourceTree = "<group>"; };
		F2232E071F193B5200C303ED /* Info.plist */ = {isa = PBXFileReference; lastKnownFileType = text.plist.xml; path = Info.plist; sourceTree = "<group>"; };
		F2232E0C1F193B5200C303ED /* PitchPerfectUITests.xctest */ = {isa = PBXFileReference; explicitFileType = wrapper.cfbundle; includeInIndex = 0; path = PitchPerfectUITests.xctest; sourceTree = BUILT_PRODUCTS_DIR; };
		F2232E101F193B5200C303ED /* PitchPerfectUITests.swift */ = {isa = PBXFileReference; lastKnownFileType = sourcecode.swift; path = PitchPerfectUITests.swift; sourceTree = "<group>"; };
		F2232E121F193B5200C303ED /* Info.plist */ = {isa = PBXFileReference; lastKnownFileType = text.plist.xml; path = Info.plist; sourceTree = "<group>"; };
		F22BA8241F198C410099F6D1 /* PlaySoundsViewController.swift */ = {isa = PBXFileReference; fileEncoding = 4; lastKnownFileType = sourcecode.swift; path = PlaySoundsViewController.swift; sourceTree = "<group>"; };
/* End PBXFileReference section */

/* Begin PBXFrameworksBuildPhase section */
		F2232DEA1F193B5200C303ED /* Frameworks */ = {
			isa = PBXFrameworksBuildPhase;
			buildActionMask = 2147483647;
			files = (
			);
			runOnlyForDeploymentPostprocessing = 0;
		};
		F2232DFE1F193B5200C303ED /* Frameworks */ = {
			isa = PBXFrameworksBuildPhase;
			buildActionMask = 2147483647;
			files = (
			);
			runOnlyForDeploymentPostprocessing = 0;
		};
		F2232E091F193B5200C303ED /* Frameworks */ = {
			isa = PBXFrameworksBuildPhase;
			buildActionMask = 2147483647;
			files = (
			);
			runOnlyForDeploymentPostprocessing = 0;
		};
/* End PBXFrameworksBuildPhase section */

/* Begin PBXGroup section */
		F2232DE41F193B5200C303ED = {
			isa = PBXGroup;
			children = (
				F2232DEF1F193B5200C303ED /* PitchPerfect */,
				F2232E041F193B5200C303ED /* PitchPerfectTests */,
				F2232E0F1F193B5200C303ED /* PitchPerfectUITests */,
				F2232DEE1F193B5200C303ED /* Products */,
			);
			sourceTree = "<group>";
		};
		F2232DEE1F193B5200C303ED /* Products */ = {
			isa = PBXGroup;
			children = (
				F2232DED1F193B5200C303ED /* PitchPerfect.app */,
				F2232E011F193B5200C303ED /* PitchPerfectTests.xctest */,
				F2232E0C1F193B5200C303ED /* PitchPerfectUITests.xctest */,
			);
			name = Products;
			sourceTree = "<group>";
		};
		F2232DEF1F193B5200C303ED /* PitchPerfect */ = {
			isa = PBXGroup;
			children = (
				F2232DF01F193B5200C303ED /* AppDelegate.swift */,
				F2232DF21F193B5200C303ED /* RecordSoundsViewController.swift */,
				F22BA8241F198C410099F6D1 /* PlaySoundsViewController.swift */,
				F2232DF41F193B5200C303ED /* Main.storyboard */,
				F2232DF71F193B5200C303ED /* Assets.xcassets */,
				F2232DF91F193B5200C303ED /* LaunchScreen.storyboard */,
				F2232DFC1F193B5200C303ED /* Info.plist */,
			);
			path = PitchPerfect;
			sourceTree = "<group>";
		};
		F2232E041F193B5200C303ED /* PitchPerfectTests */ = {
			isa = PBXGroup;
			children = (
				F2232E051F193B5200C303ED /* PitchPerfectTests.swift */,
				F2232E071F193B5200C303ED /* Info.plist */,
			);
			path = PitchPerfectTests;
			sourceTree = "<group>";
		};
		F2232E0F1F193B5200C303ED /* PitchPerfectUITests */ = {
			isa = PBXGroup;
			children = (
				F2232E101F193B5200C303ED /* PitchPerfectUITests.swift */,
				F2232E121F193B5200C303ED /* Info.plist */,
			);
			path = PitchPerfectUITests;
			sourceTree = "<group>";
		};
/* End PBXGroup section */

/* Begin PBXNativeTarget section */
		F2232DEC1F193B5200C303ED /* PitchPerfect */ = {
			isa = PBXNativeTarget;
			buildConfigurationList = F2232E151F193B5200C303ED /* Build configuration list for PBXNativeTarget "PitchPerfect" */;
			buildPhases = (
				F2232DE91F193B5200C303ED /* Sources */,
				F2232DEA1F193B5200C303ED /* Frameworks */,
				F2232DEB1F193B5200C303ED /* Resources */,
			);
			buildRules = (
			);
			dependencies = (
			);
			name = PitchPerfect;
			productName = PitchPerfect;
			productReference = F2232DED1F193B5200C303ED /* PitchPerfect.app */;
			productType = "com.apple.product-type.application";
		};
		F2232E001F193B5200C303ED /* PitchPerfectTests */ = {
			isa = PBXNativeTarget;
			buildConfigurationList = F2232E181F193B5200C303ED /* Build configuration list for PBXNativeTarget "PitchPerfectTests" */;
			buildPhases = (
				F2232DFD1F193B5200C303ED /* Sources */,
				F2232DFE1F193B5200C303ED /* Frameworks */,
				F2232DFF1F193B5200C303ED /* Resources */,
			);
			buildRules = (
			);
			dependencies = (
				F2232E031F193B5200C303ED /* PBXTargetDependency */,
			);
			name = PitchPerfectTests;
			productName = PitchPerfectTests;
			productReference = F2232E011F193B5200C303ED /* PitchPerfectTests.xctest */;
			productType = "com.apple.product-type.bundle.unit-test";
		};
		F2232E0B1F193B5200C303ED /* PitchPerfectUITests */ = {
			isa = PBXNativeTarget;
			buildConfigurationList = F2232E1B1F193B5200C303ED /* Build configuration list for PBXNativeTarget "PitchPerfectUITests" */;
			buildPhases = (
				F2232E081F193B5200C303ED /* Sources */,
				F2232E091F193B5200C303ED /* Frameworks */,
				F2232E0A1F193B5200C303ED /* Resources */,
			);
			buildRules = (
			);
			dependencies = (
				F2232E0E1F193B5200C303ED /* PBXTargetDependency */,
			);
			name = PitchPerfectUITests;
			productName = PitchPerfectUITests;
			productReference = F2232E0C1F193B5200C303ED /* PitchPerfectUITests.xctest */;
			productType = "com.apple.product-type.bundle.ui-testing";
		};
/* End PBXNativeTarget section */

/* Begin PBXProject section */
		F2232DE51F193B5200C303ED /* Project object */ = {
			isa = PBXProject;
			attributes = {
				LastSwiftUpdateCheck = 0830;
				LastUpgradeCheck = 0830;
				ORGANIZATIONNAME = "Ryan Matthew Smith";
				TargetAttributes = {
					F2232DEC1F193B5200C303ED = {
						CreatedOnToolsVersion = 8.3.3;
						DevelopmentTeam = GNEZQ5A3RA;
						ProvisioningStyle = Automatic;
					};
					F2232E001F193B5200C303ED = {
						CreatedOnToolsVersion = 8.3.3;
						DevelopmentTeam = GNEZQ5A3RA;
						ProvisioningStyle = Automatic;
						TestTargetID = F2232DEC1F193B5200C303ED;
					};
					F2232E0B1F193B5200C303ED = {
						CreatedOnToolsVersion = 8.3.3;
						DevelopmentTeam = GNEZQ5A3RA;
						ProvisioningStyle = Automatic;
						TestTargetID = F2232DEC1F193B5200C303ED;
					};
				};
			};
			buildConfigurationList = F2232DE81F193B5200C303ED /* Build configuration list for PBXProject "PitchPerfect" */;
			compatibilityVersion = "Xcode 3.2";
			developmentRegion = English;
			hasScannedForEncodings = 0;
			knownRegions = (
				en,
				Base,
			);
			mainGroup = F2232DE41F193B5200C303ED;
			productRefGroup = F2232DEE1F193B5200C303ED /* Products */;
			projectDirPath = "";
			projectRoot = "";
			targets = (
				F2232DEC1F193B5200C303ED /* PitchPerfect */,
				F2232E001F193B5200C303ED /* PitchPerfectTests */,
				F2232E0B1F193B5200C303ED /* PitchPerfectUITests */,
			);
		};
/* End PBXProject section */

/* Begin PBXResourcesBuildPhase section */
		F2232DEB1F193B5200C303ED /* Resources */ = {
			isa = PBXResourcesBuildPhase;
			buildActionMask = 2147483647;
			files = (
				F2232DFB1F193B5200C303ED /* LaunchScreen.storyboard in Resources */,
				F2232DF81F193B5200C303ED /* Assets.xcassets in Resources */,
				F2232DF61F193B5200C303ED /* Main.storyboard in Resources */,
			);
			runOnlyForDeploymentPostprocessing = 0;
		};
		F2232DFF1F193B5200C303ED /* Resources */ = {
			isa = PBXResourcesBuildPhase;
			buildActionMask = 2147483647;
			files = (
			);
			runOnlyForDeploymentPostprocessing = 0;
		};
		F2232E0A1F193B5200C303ED /* Resources */ = {
			isa = PBXResourcesBuildPhase;
			buildActionMask = 2147483647;
			files = (
			);
			runOnlyForDeploymentPostprocessing = 0;
		};
/* End PBXResourcesBuildPhase section */

/* Begin PBXSourcesBuildPhase section */
		F2232DE91F193B5200C303ED /* Sources */ = {
			isa = PBXSourcesBuildPhase;
			buildActionMask = 2147483647;
			files = (
				F2232DF31F193B5200C303ED /* RecordSoundsViewController.swift in Sources */,
				F22BA8251F198C410099F6D1 /* PlaySoundsViewController.swift in Sources */,
				F2232DF11F193B5200C303ED /* AppDelegate.swift in Sources */,
			);
			runOnlyForDeploymentPostprocessing = 0;
		};
		F2232DFD1F193B5200C303ED /* Sources */ = {
			isa = PBXSourcesBuildPhase;
			buildActionMask = 2147483647;
			files = (
				F2232E061F193B5200C303ED /* PitchPerfectTests.swift in Sources */,
			);
			runOnlyForDeploymentPostprocessing = 0;
		};
		F2232E081F193B5200C303ED /* Sources */ = {
			isa = PBXSourcesBuildPhase;
			buildActionMask = 2147483647;
			files = (
				F2232E111F193B5200C303ED /* PitchPerfectUITests.swift in Sources */,
			);
			runOnlyForDeploymentPostprocessing = 0;
		};
/* End PBXSourcesBuildPhase section */

/* Begin PBXTargetDependency section */
		F2232E031F193B5200C303ED /* PBXTargetDependency */ = {
			isa = PBXTargetDependency;
			target = F2232DEC1F193B5200C303ED /* PitchPerfect */;
			targetProxy = F2232E021F193B5200C303ED /* PBXContainerItemProxy */;
		};
		F2232E0E1F193B5200C303ED /* PBXTargetDependency */ = {
			isa = PBXTargetDependency;
			target = F2232DEC1F193B5200C303ED /* PitchPerfect */;
			targetProxy = F2232E0D1F193B5200C303ED /* PBXContainerItemProxy */;
		};
/* End PBXTargetDependency section */

/* Begin PBXVariantGroup section */
		F2232DF41F193B5200C303ED /* Main.storyboard */ = {
			isa = PBXVariantGroup;
			children = (
				F2232DF51F193B5200C303ED /* Base */,
			);
			name = Main.storyboard;
			sourceTree = "<group>";
		};
		F2232DF91F193B5200C303ED /* LaunchScreen.storyboard */ = {
			isa = PBXVariantGroup;
			children = (
				F2232DFA1F193B5200C303ED /* Base */,
			);
			name = LaunchScreen.storyboard;
			sourceTree = "<group>";
		};
/* End PBXVariantGroup section */

/* Begin XCBuildConfiguration section */
		F2232E131F193B5200C303ED /* Debug */ = {
			isa = XCBuildConfiguration;
			buildSettings = {
				ALWAYS_SEARCH_USER_PATHS = NO;
				CLANG_ANALYZER_NONNULL = YES;
				CLANG_ANALYZER_NUMBER_OBJECT_CONVERSION = YES_AGGRESSIVE;
				CLANG_CXX_LANGUAGE_STANDARD = "gnu++0x";
				CLANG_CXX_LIBRARY = "libc++";
				CLANG_ENABLE_MODULES = YES;
				CLANG_ENABLE_OBJC_ARC = YES;
				CLANG_WARN_BOOL_CONVERSION = YES;
				CLANG_WARN_CONSTANT_CONVERSION = YES;
				CLANG_WARN_DIRECT_OBJC_ISA_USAGE = YES_ERROR;
				CLANG_WARN_DOCUMENTATION_COMMENTS = YES;
				CLANG_WARN_EMPTY_BODY = YES;
				CLANG_WARN_ENUM_CONVERSION = YES;
				CLANG_WARN_INFINITE_RECURSION = YES;
				CLANG_WARN_INT_CONVERSION = YES;
				CLANG_WARN_OBJC_ROOT_CLASS = YES_ERROR;
				CLANG_WARN_SUSPICIOUS_MOVE = YES;
				CLANG_WARN_UNREACHABLE_CODE = YES;
				CLANG_WARN__DUPLICATE_METHOD_MATCH = YES;
				"CODE_SIGN_IDENTITY[sdk=iphoneos*]" = "iPhone Developer";
				COPY_PHASE_STRIP = NO;
				DEBUG_INFORMATION_FORMAT = dwarf;
				ENABLE_STRICT_OBJC_MSGSEND = YES;
				ENABLE_TESTABILITY = YES;
				GCC_C_LANGUAGE_STANDARD = gnu99;
				GCC_DYNAMIC_NO_PIC = NO;
				GCC_NO_COMMON_BLOCKS = YES;
				GCC_OPTIMIZATION_LEVEL = 0;
				GCC_PREPROCESSOR_DEFINITIONS = (
					"DEBUG=1",
					"$(inherited)",
				);
				GCC_WARN_64_TO_32_BIT_CONVERSION = YES;
				GCC_WARN_ABOUT_RETURN_TYPE = YES_ERROR;
				GCC_WARN_UNDECLARED_SELECTOR = YES;
				GCC_WARN_UNINITIALIZED_AUTOS = YES_AGGRESSIVE;
				GCC_WARN_UNUSED_FUNCTION = YES;
				GCC_WARN_UNUSED_VARIABLE = YES;
				IPHONEOS_DEPLOYMENT_TARGET = 10.3;
				MTL_ENABLE_DEBUG_INFO = YES;
				ONLY_ACTIVE_ARCH = YES;
				SDKROOT = iphoneos;
				SWIFT_ACTIVE_COMPILATION_CONDITIONS = DEBUG;
				SWIFT_OPTIMIZATION_LEVEL = "-Onone";
				TARGETED_DEVICE_FAMILY = "1,2";
			};
			name = Debug;
		};
		F2232E141F193B5200C303ED /* Release */ = {
			isa = XCBuildConfiguration;
			buildSettings = {
				ALWAYS_SEARCH_USER_PATHS = NO;
				CLANG_ANALYZER_NONNULL = YES;
				CLANG_ANALYZER_NUMBER_OBJECT_CONVERSION = YES_AGGRESSIVE;
				CLANG_CXX_LANGUAGE_STANDARD = "gnu++0x";
				CLANG_CXX_LIBRARY = "libc++";
				CLANG_ENABLE_MODULES = YES;
				CLANG_ENABLE_OBJC_ARC = YES;
				CLANG_WARN_BOOL_CONVERSION = YES;
				CLANG_WARN_CONSTANT_CONVERSION = YES;
				CLANG_WARN_DIRECT_OBJC_ISA_USAGE = YES_ERROR;
				CLANG_WARN_DOCUMENTATION_COMMENTS = YES;
				CLANG_WARN_EMPTY_BODY = YES;
				CLANG_WARN_ENUM_CONVERSION = YES;
				CLANG_WARN_INFINITE_RECURSION = YES;
				CLANG_WARN_INT_CONVERSION = YES;
				CLANG_WARN_OBJC_ROOT_CLASS = YES_ERROR;
				CLANG_WARN_SUSPICIOUS_MOVE = YES;
				CLANG_WARN_UNREACHABLE_CODE = YES;
				CLANG_WARN__DUPLICATE_METHOD_MATCH = YES;
				"CODE_SIGN_IDENTITY[sdk=iphoneos*]" = "iPhone Developer";
				COPY_PHASE_STRIP = NO;
				DEBUG_INFORMATION_FORMAT = "dwarf-with-dsym";
				ENABLE_NS_ASSERTIONS = NO;
				ENABLE_STRICT_OBJC_MSGSEND = YES;
				GCC_C_LANGUAGE_STANDARD = gnu99;
				GCC_NO_COMMON_BLOCKS = YES;
				GCC_WARN_64_TO_32_BIT_CONVERSION = YES;
				GCC_WARN_ABOUT_RETURN_TYPE = YES_ERROR;
				GCC_WARN_UNDECLARED_SELECTOR = YES;
				GCC_WARN_UNINITIALIZED_AUTOS = YES_AGGRESSIVE;
				GCC_WARN_UNUSED_FUNCTION = YES;
				GCC_WARN_UNUSED_VARIABLE = YES;
				IPHONEOS_DEPLOYMENT_TARGET = 10.3;
				MTL_ENABLE_DEBUG_INFO = NO;
				SDKROOT = iphoneos;
				SWIFT_OPTIMIZATION_LEVEL = "-Owholemodule";
				TARGETED_DEVICE_FAMILY = "1,2";
				VALIDATE_PRODUCT = YES;
			};
			name = Release;
		};
		F2232E161F193B5200C303ED /* Debug */ = {
			isa = XCBuildConfiguration;
			buildSettings = {
				ASSETCATALOG_COMPILER_APPICON_NAME = AppIcon;
				DEVELOPMENT_TEAM = GNEZQ5A3RA;
				INFOPLIST_FILE = PitchPerfect/Info.plist;
				LD_RUNPATH_SEARCH_PATHS = "$(inherited) @executable_path/Frameworks";
				PRODUCT_BUNDLE_IDENTIFIER = wander.PitchPerfect;
				PRODUCT_NAME = "$(TARGET_NAME)";
				SWIFT_VERSION = 3.0;
			};
			name = Debug;
		};
		F2232E171F193B5200C303ED /* Release */ = {
			isa = XCBuildConfiguration;
			buildSettings = {
				ASSETCATALOG_COMPILER_APPICON_NAME = AppIcon;
				DEVELOPMENT_TEAM = GNEZQ5A3RA;
				INFOPLIST_FILE = PitchPerfect/Info.plist;
				LD_RUNPATH_SEARCH_PATHS = "$(inherited) @executable_path/Frameworks";
				PRODUCT_BUNDLE_IDENTIFIER = wander.PitchPerfect;
				PRODUCT_NAME = "$(TARGET_NAME)";
				SWIFT_VERSION = 3.0;
			};
			name = Release;
		};
		F2232E191F193B5200C303ED /* Debug */ = {
			isa = XCBuildConfiguration;
			buildSettings = {
				ALWAYS_EMBED_SWIFT_STANDARD_LIBRARIES = YES;
				BUNDLE_LOADER = "$(TEST_HOST)";
				DEVELOPMENT_TEAM = GNEZQ5A3RA;
				INFOPLIST_FILE = PitchPerfectTests/Info.plist;
				LD_RUNPATH_SEARCH_PATHS = "$(inherited) @executable_path/Frameworks @loader_path/Frameworks";
				PRODUCT_BUNDLE_IDENTIFIER = wander.PitchPerfectTests;
				PRODUCT_NAME = "$(TARGET_NAME)";
				SWIFT_VERSION = 3.0;
				TEST_HOST = "$(BUILT_PRODUCTS_DIR)/PitchPerfect.app/PitchPerfect";
			};
			name = Debug;
		};
		F2232E1A1F193B5200C303ED /* Release */ = {
			isa = XCBuildConfiguration;
			buildSettings = {
				ALWAYS_EMBED_SWIFT_STANDARD_LIBRARIES = YES;
				BUNDLE_LOADER = "$(TEST_HOST)";
				DEVELOPMENT_TEAM = GNEZQ5A3RA;
				INFOPLIST_FILE = PitchPerfectTests/Info.plist;
				LD_RUNPATH_SEARCH_PATHS = "$(inherited) @executable_path/Frameworks @loader_path/Frameworks";
				PRODUCT_BUNDLE_IDENTIFIER = wander.PitchPerfectTests;
				PRODUCT_NAME = "$(TARGET_NAME)";
				SWIFT_VERSION = 3.0;
				TEST_HOST = "$(BUILT_PRODUCTS_DIR)/PitchPerfect.app/PitchPerfect";
			};
			name = Release;
		};
		F2232E1C1F193B5200C303ED /* Debug */ = {
			isa = XCBuildConfiguration;
			buildSettings = {
				ALWAYS_EMBED_SWIFT_STANDARD_LIBRARIES = YES;
				DEVELOPMENT_TEAM = GNEZQ5A3RA;
				INFOPLIST_FILE = PitchPerfectUITests/Info.plist;
				LD_RUNPATH_SEARCH_PATHS = "$(inherited) @executable_path/Frameworks @loader_path/Frameworks";
				PRODUCT_BUNDLE_IDENTIFIER = wander.PitchPerfectUITests;
				PRODUCT_NAME = "$(TARGET_NAME)";
				SWIFT_VERSION = 3.0;
				TEST_TARGET_NAME = PitchPerfect;
			};
			name = Debug;
		};
		F2232E1D1F193B5200C303ED /* Release */ = {
			isa = XCBuildConfiguration;
			buildSettings = {
				ALWAYS_EMBED_SWIFT_STANDARD_LIBRARIES = YES;
				DEVELOPMENT_TEAM = GNEZQ5A3RA;
				INFOPLIST_FILE = PitchPerfectUITests/Info.plist;
				LD_RUNPATH_SEARCH_PATHS = "$(inherited) @executable_path/Frameworks @loader_path/Frameworks";
				PRODUCT_BUNDLE_IDENTIFIER = wander.PitchPerfectUITests;
				PRODUCT_NAME = "$(TARGET_NAME)";
				SWIFT_VERSION = 3.0;
				TEST_TARGET_NAME = PitchPerfect;
			};
			name = Release;
		};
/* End XCBuildConfiguration section */

/* Begin XCConfigurationList section */
		F2232DE81F193B5200C303ED /* Build configuration list for PBXProject "PitchPerfect" */ = {
			isa = XCConfigurationList;
			buildConfigurations = (
				F2232E131F193B5200C303ED /* Debug */,
				F2232E141F193B5200C303ED /* Release */,
			);
			defaultConfigurationIsVisible = 0;
			defaultConfigurationName = Release;
		};
		F2232E151F193B5200C303ED /* Build configuration list for PBXNativeTarget "PitchPerfect" */ = {
			isa = XCConfigurationList;
			buildConfigurations = (
				F2232E161F193B5200C303ED /* Debug */,
				F2232E171F193B5200C303ED /* Release */,
			);
			defaultConfigurationIsVisible = 0;
			defaultConfigurationName = Release;
		};
		F2232E181F193B5200C303ED /* Build configuration list for PBXNativeTarget "PitchPerfectTests" */ = {
			isa = XCConfigurationList;
			buildConfigurations = (
				F2232E191F193B5200C303ED /* Debug */,
				F2232E1A1F193B5200C303ED /* Release */,
			);
			defaultConfigurationIsVisible = 0;
			defaultConfigurationName = Release;
		};
		F2232E1B1F193B5200C303ED /* Build configuration list for PBXNativeTarget "PitchPerfectUITests" */ = {
			isa = XCConfigurationList;
			buildConfigurations = (
				F2232E1C1F193B5200C303ED /* Debug */,
				F2232E1D1F193B5200C303ED /* Release */,
			);
			defaultConfigurationIsVisible = 0;
			defaultConfigurationName = Release;
		};
/* End XCConfigurationList section */
	};
	rootObject = F2232DE51F193B5200C303ED /* Project object */;
}
